
Microsoft Visual Studio Solution File, Format Version 12.00
# Visual Studio Version 16
VisualStudioVersion = 16.0.28803.452
MinimumVisualStudioVersion = 15.0.26124.0
Project("{9A19103F-16F7-4668-BE54-9A1E7A4F7556}") = "Core.API", "Core.API\Core.API.csproj", "{7B2C3DBC-2F93-42DB-A70C-15DD05ADA461}"
EndProject
Project("{9A19103F-16F7-4668-BE54-9A1E7A4F7556}") = "Core.Entity", "Core.Entity\Core.Entity.csproj", "{DF8389EE-598D-442C-98F8-8FF88310D6E3}"
EndProject
Project("{2150E333-8FDC-42A3-9474-1A3956D46DE8}") = "docker", "docker", "{ADCC056A-ECB5-4B9D-8388-C02D6B614DA1}"
	ProjectSection(SolutionItems) = preProject
		docker-compose.dev.yml = docker-compose.dev.yml
		docker-compose.prod.yml = docker-compose.prod.yml
		docker-compose.yml = docker-compose.yml
		Dockerfile = Dockerfile
		launch.prod.ps1 = launch.prod.ps1
		launch.ps1 = launch.ps1
	EndProjectSection
EndProject
Project("{2150E333-8FDC-42A3-9474-1A3956D46DE8}") = "resources", "resources", "{74C8392A-E299-4DBA-8CA3-2985EDBC4664}"
	ProjectSection(SolutionItems) = preProject
		..\Readme.md = ..\Readme.md
	EndProjectSection
EndProject
Global
	GlobalSection(SolutionConfigurationPlatforms) = preSolution
		Debug|Any CPU = Debug|Any CPU
		Debug|x64 = Debug|x64
		Debug|x86 = Debug|x86
		Release|Any CPU = Release|Any CPU
		Release|x64 = Release|x64
		Release|x86 = Release|x86
	EndGlobalSection
	GlobalSection(ProjectConfigurationPlatforms) = postSolution
		{7B2C3DBC-2F93-42DB-A70C-15DD05ADA461}.Debug|Any CPU.ActiveCfg = Debug|Any CPU
		{7B2C3DBC-2F93-42DB-A70C-15DD05ADA461}.Debug|Any CPU.Build.0 = Debug|Any CPU
		{7B2C3DBC-2F93-42DB-A70C-15DD05ADA461}.Debug|x64.ActiveCfg = Debug|Any CPU
		{7B2C3DBC-2F93-42DB-A70C-15DD05ADA461}.Debug|x64.Build.0 = Debug|Any CPU
		{7B2C3DBC-2F93-42DB-A70C-15DD05ADA461}.Debug|x86.ActiveCfg = Debug|Any CPU
		{7B2C3DBC-2F93-42DB-A70C-15DD05ADA461}.Debug|x86.Build.0 = Debug|Any CPU
		{7B2C3DBC-2F93-42DB-A70C-15DD05ADA461}.Release|Any CPU.ActiveCfg = Release|Any CPU
		{7B2C3DBC-2F93-42DB-A70C-15DD05ADA461}.Release|Any CPU.Build.0 = Release|Any CPU
		{7B2C3DBC-2F93-42DB-A70C-15DD05ADA461}.Release|x64.ActiveCfg = Release|Any CPU
		{7B2C3DBC-2F93-42DB-A70C-15DD05ADA461}.Release|x64.Build.0 = Release|Any CPU
		{7B2C3DBC-2F93-42DB-A70C-15DD05ADA461}.Release|x86.ActiveCfg = Release|Any CPU
		{7B2C3DBC-2F93-42DB-A70C-15DD05ADA461}.Release|x86.Build.0 = Release|Any CPU
		{DF8389EE-598D-442C-98F8-8FF88310D6E3}.Debug|Any CPU.ActiveCfg = Debug|Any CPU
		{DF8389EE-598D-442C-98F8-8FF88310D6E3}.Debug|Any CPU.Build.0 = Debug|Any CPU
		{DF8389EE-598D-442C-98F8-8FF88310D6E3}.Debug|x64.ActiveCfg = Debug|Any CPU
		{DF8389EE-598D-442C-98F8-8FF88310D6E3}.Debug|x64.Build.0 = Debug|Any CPU
		{DF8389EE-598D-442C-98F8-8FF88310D6E3}.Debug|x86.ActiveCfg = Debug|Any CPU
		{DF8389EE-598D-442C-98F8-8FF88310D6E3}.Debug|x86.Build.0 = Debug|Any CPU
		{DF8389EE-598D-442C-98F8-8FF88310D6E3}.Release|Any CPU.ActiveCfg = Release|Any CPU
		{DF8389EE-598D-442C-98F8-8FF88310D6E3}.Release|Any CPU.Build.0 = Release|Any CPU
		{DF8389EE-598D-442C-98F8-8FF88310D6E3}.Release|x64.ActiveCfg = Release|Any CPU
		{DF8389EE-598D-442C-98F8-8FF88310D6E3}.Release|x64.Build.0 = Release|Any CPU
		{DF8389EE-598D-442C-98F8-8FF88310D6E3}.Release|x86.ActiveCfg = Release|Any CPU
		{DF8389EE-598D-442C-98F8-8FF88310D6E3}.Release|x86.Build.0 = Release|Any CPU
	EndGlobalSection
	GlobalSection(SolutionProperties) = preSolution
		HideSolutionNode = FALSE
	EndGlobalSection
	GlobalSection(ExtensibilityGlobals) = postSolution
		SolutionGuid = {E37A6F18-F04C-4923-BE75-949FC5EFBF5D}
	EndGlobalSection
EndGlobal
